
Microsoft Visual Studio Solution File, Format Version 12.00
# Visual Studio 15
VisualStudioVersion = 15.0.28010.2046
MinimumVisualStudioVersion = 10.0.40219.1
Project("{FAE04EC0-301F-11D3-BF4B-00C04F79EFBC}") = "BinaryGap2", "BinaryGap2\BinaryGap2.csproj", "{C95A4931-FC6D-46A1-9E32-4B42DB06609E}"
EndProject
Global
	GlobalSection(SolutionConfigurationPlatforms) = preSolution
		Debug|Any CPU = Debug|Any CPU
		Release|Any CPU = Release|Any CPU
	EndGlobalSection
	GlobalSection(ProjectConfigurationPlatforms) = postSolution
		{C95A4931-FC6D-46A1-9E32-4B42DB06609E}.Debug|Any CPU.ActiveCfg = Debug|Any CPU
		{C95A4931-FC6D-46A1-9E32-4B42DB06609E}.Debug|Any CPU.Build.0 = Debug|Any CPU
		{C95A4931-FC6D-46A1-9E32-4B42DB06609E}.Release|Any CPU.ActiveCfg = Release|Any CPU
		{C95A4931-FC6D-46A1-9E32-4B42DB06609E}.Release|Any CPU.Build.0 = Release|Any CPU
	EndGlobalSection
	GlobalSection(SolutionProperties) = preSolution
		HideSolutionNode = FALSE
	EndGlobalSection
	GlobalSection(ExtensibilityGlobals) = postSolution
		SolutionGuid = {8E09093B-BFD6-4049-AA6B-443364A37DC7}
	EndGlobalSection
EndGlobal
